
Microsoft Visual Studio Solution File, Format Version 12.00
# Visual Studio Version 16
VisualStudioVersion = 16.0.30114.105
MinimumVisualStudioVersion = 10.0.40219.1
Project("{9A19103F-16F7-4668-BE54-9A1E7A4F7556}") = "ElectronicLibrary.Demo", "ElectonicLibrary.Demo\ElectronicLibrary.Demo.csproj", "{13B84A56-B83D-4DC8-8D31-B23A4FF03DDB}"
EndProject
Project("{9A19103F-16F7-4668-BE54-9A1E7A4F7556}") = "ElectronicLibrary", "ElectronicLibrary\ElectronicLibrary.csproj", "{03489C7F-B923-4FCB-A324-778C10184561}"
EndProject
Project("{9A19103F-16F7-4668-BE54-9A1E7A4F7556}") = "ElectronicLibrary.Tests", "ElectronicLibrary.Tests\ElectronicLibrary.Tests.csproj", "{F96EB2C7-79D5-4E04-A8C6-27DE0DA5EB6A}"
EndProject
Project("{00D1A9C2-B5F0-4AF3-8072-F6C62B433612}") = "ElectronicLibrary.Data", "ElectronicLibrary.Data\ElectronicLibrary.Data.sqlproj", "{5A25E385-9767-4EA1-821D-569968175CFF}"
EndProject
Global
	GlobalSection(SolutionConfigurationPlatforms) = preSolution
		Debug|Any CPU = Debug|Any CPU
		Debug|x64 = Debug|x64
		Debug|x86 = Debug|x86
		Release|Any CPU = Release|Any CPU
		Release|x64 = Release|x64
		Release|x86 = Release|x86
	EndGlobalSection
	GlobalSection(ProjectConfigurationPlatforms) = postSolution
		{13B84A56-B83D-4DC8-8D31-B23A4FF03DDB}.Debug|Any CPU.ActiveCfg = Debug|Any CPU
		{13B84A56-B83D-4DC8-8D31-B23A4FF03DDB}.Debug|Any CPU.Build.0 = Debug|Any CPU
		{13B84A56-B83D-4DC8-8D31-B23A4FF03DDB}.Debug|x64.ActiveCfg = Debug|Any CPU
		{13B84A56-B83D-4DC8-8D31-B23A4FF03DDB}.Debug|x64.Build.0 = Debug|Any CPU
		{13B84A56-B83D-4DC8-8D31-B23A4FF03DDB}.Debug|x86.ActiveCfg = Debug|Any CPU
		{13B84A56-B83D-4DC8-8D31-B23A4FF03DDB}.Debug|x86.Build.0 = Debug|Any CPU
		{13B84A56-B83D-4DC8-8D31-B23A4FF03DDB}.Release|Any CPU.ActiveCfg = Release|Any CPU
		{13B84A56-B83D-4DC8-8D31-B23A4FF03DDB}.Release|Any CPU.Build.0 = Release|Any CPU
		{13B84A56-B83D-4DC8-8D31-B23A4FF03DDB}.Release|x64.ActiveCfg = Release|Any CPU
		{13B84A56-B83D-4DC8-8D31-B23A4FF03DDB}.Release|x64.Build.0 = Release|Any CPU
		{13B84A56-B83D-4DC8-8D31-B23A4FF03DDB}.Release|x86.ActiveCfg = Release|Any CPU
		{13B84A56-B83D-4DC8-8D31-B23A4FF03DDB}.Release|x86.Build.0 = Release|Any CPU
		{03489C7F-B923-4FCB-A324-778C10184561}.Debug|Any CPU.ActiveCfg = Debug|Any CPU
		{03489C7F-B923-4FCB-A324-778C10184561}.Debug|Any CPU.Build.0 = Debug|Any CPU
		{03489C7F-B923-4FCB-A324-778C10184561}.Debug|x64.ActiveCfg = Debug|Any CPU
		{03489C7F-B923-4FCB-A324-778C10184561}.Debug|x64.Build.0 = Debug|Any CPU
		{03489C7F-B923-4FCB-A324-778C10184561}.Debug|x86.ActiveCfg = Debug|Any CPU
		{03489C7F-B923-4FCB-A324-778C10184561}.Debug|x86.Build.0 = Debug|Any CPU
		{03489C7F-B923-4FCB-A324-778C10184561}.Release|Any CPU.ActiveCfg = Release|Any CPU
		{03489C7F-B923-4FCB-A324-778C10184561}.Release|Any CPU.Build.0 = Release|Any CPU
		{03489C7F-B923-4FCB-A324-778C10184561}.Release|x64.ActiveCfg = Release|Any CPU
		{03489C7F-B923-4FCB-A324-778C10184561}.Release|x64.Build.0 = Release|Any CPU
		{03489C7F-B923-4FCB-A324-778C10184561}.Release|x86.ActiveCfg = Release|Any CPU
		{03489C7F-B923-4FCB-A324-778C10184561}.Release|x86.Build.0 = Release|Any CPU
		{F96EB2C7-79D5-4E04-A8C6-27DE0DA5EB6A}.Debug|Any CPU.ActiveCfg = Debug|Any CPU
		{F96EB2C7-79D5-4E04-A8C6-27DE0DA5EB6A}.Debug|Any CPU.Build.0 = Debug|Any CPU
		{F96EB2C7-79D5-4E04-A8C6-27DE0DA5EB6A}.Debug|x64.ActiveCfg = Debug|Any CPU
		{F96EB2C7-79D5-4E04-A8C6-27DE0DA5EB6A}.Debug|x64.Build.0 = Debug|Any CPU
		{F96EB2C7-79D5-4E04-A8C6-27DE0DA5EB6A}.Debug|x86.ActiveCfg = Debug|Any CPU
		{F96EB2C7-79D5-4E04-A8C6-27DE0DA5EB6A}.Debug|x86.Build.0 = Debug|Any CPU
		{F96EB2C7-79D5-4E04-A8C6-27DE0DA5EB6A}.Release|Any CPU.ActiveCfg = Release|Any CPU
		{F96EB2C7-79D5-4E04-A8C6-27DE0DA5EB6A}.Release|Any CPU.Build.0 = Release|Any CPU
		{F96EB2C7-79D5-4E04-A8C6-27DE0DA5EB6A}.Release|x64.ActiveCfg = Release|Any CPU
		{F96EB2C7-79D5-4E04-A8C6-27DE0DA5EB6A}.Release|x64.Build.0 = Release|Any CPU
		{F96EB2C7-79D5-4E04-A8C6-27DE0DA5EB6A}.Release|x86.ActiveCfg = Release|Any CPU
		{F96EB2C7-79D5-4E04-A8C6-27DE0DA5EB6A}.Release|x86.Build.0 = Release|Any CPU
		{5A25E385-9767-4EA1-821D-569968175CFF}.Debug|Any CPU.ActiveCfg = Debug|Any CPU
		{5A25E385-9767-4EA1-821D-569968175CFF}.Debug|Any CPU.Build.0 = Debug|Any CPU
		{5A25E385-9767-4EA1-821D-569968175CFF}.Debug|Any CPU.Deploy.0 = Debug|Any CPU
		{5A25E385-9767-4EA1-821D-569968175CFF}.Debug|x64.ActiveCfg = Debug|Any CPU
		{5A25E385-9767-4EA1-821D-569968175CFF}.Debug|x64.Build.0 = Debug|Any CPU
		{5A25E385-9767-4EA1-821D-569968175CFF}.Debug|x64.Deploy.0 = Debug|Any CPU
		{5A25E385-9767-4EA1-821D-569968175CFF}.Debug|x86.ActiveCfg = Debug|Any CPU
		{5A25E385-9767-4EA1-821D-569968175CFF}.Debug|x86.Build.0 = Debug|Any CPU
		{5A25E385-9767-4EA1-821D-569968175CFF}.Debug|x86.Deploy.0 = Debug|Any CPU
		{5A25E385-9767-4EA1-821D-569968175CFF}.Release|Any CPU.ActiveCfg = Release|Any CPU
		{5A25E385-9767-4EA1-821D-569968175CFF}.Release|Any CPU.Build.0 = Release|Any CPU
		{5A25E385-9767-4EA1-821D-569968175CFF}.Release|Any CPU.Deploy.0 = Release|Any CPU
		{5A25E385-9767-4EA1-821D-569968175CFF}.Release|x64.ActiveCfg = Release|Any CPU
		{5A25E385-9767-4EA1-821D-569968175CFF}.Release|x64.Build.0 = Release|Any CPU
		{5A25E385-9767-4EA1-821D-569968175CFF}.Release|x64.Deploy.0 = Release|Any CPU
		{5A25E385-9767-4EA1-821D-569968175CFF}.Release|x86.ActiveCfg = Release|Any CPU
		{5A25E385-9767-4EA1-821D-569968175CFF}.Release|x86.Build.0 = Release|Any CPU
		{5A25E385-9767-4EA1-821D-569968175CFF}.Release|x86.Deploy.0 = Release|Any CPU
	EndGlobalSection
	GlobalSection(SolutionProperties) = preSolution
		HideSolutionNode = FALSE
	EndGlobalSection
	GlobalSection(ExtensibilityGlobals) = postSolution
		SolutionGuid = {022E444F-871E-403C-B868-8DDCDFCAC36B}
	EndGlobalSection
EndGlobal
